// !$*UTF8*$!
{
	archiveVersion = 1;
	classes = {
	};
	objectVersion = 50;
	objects = {

/* Begin PBXBuildFile section */
		95E94B0F25596E35006ED5B2 /* AppDelegate.swift in Sources */ = {isa = PBXBuildFile; fileRef = 95E94B0E25596E35006ED5B2 /* AppDelegate.swift */; };
		95E94B1125596E35006ED5B2 /* SceneDelegate.swift in Sources */ = {isa = PBXBuildFile; fileRef = 95E94B1025596E35006ED5B2 /* SceneDelegate.swift */; };
		95E94B1325596E35006ED5B2 /* ViewController.swift in Sources */ = {isa = PBXBuildFile; fileRef = 95E94B1225596E35006ED5B2 /* ViewController.swift */; };
		95E94B1625596E35006ED5B2 /* Main.storyboard in Resources */ = {isa = PBXBuildFile; fileRef = 95E94B1425596E35006ED5B2 /* Main.storyboard */; };
		95E94B1825596E36006ED5B2 /* Assets.xcassets in Resources */ = {isa = PBXBuildFile; fileRef = 95E94B1725596E36006ED5B2 /* Assets.xcassets */; };
		95E94B1B25596E36006ED5B2 /* LaunchScreen.storyboard in Resources */ = {isa = PBXBuildFile; fileRef = 95E94B1925596E36006ED5B2 /* LaunchScreen.storyboard */; };
		95E94B4625596EBA006ED5B2 /* StoreKit.framework in Frameworks */ = {isa = PBXBuildFile; fileRef = 95E94B4525596EBA006ED5B2 /* StoreKit.framework */; };
		95E94B492559777A006ED5B2 /* IAPManager.swift in Sources */ = {isa = PBXBuildFile; fileRef = 95E94B482559777A006ED5B2 /* IAPManager.swift */; };
/* End PBXBuildFile section */

/* Begin PBXFileReference section */
		95E94B0B25596E34006ED5B2 /* IAPSample.app */ = {isa = PBXFileReference; explicitFileType = wrapper.application; includeInIndex = 0; path = IAPSample.app; sourceTree = BUILT_PRODUCTS_DIR; };
		95E94B0E25596E35006ED5B2 /* AppDelegate.swift */ = {isa = PBXFileReference; lastKnownFileType = sourcecode.swift; path = AppDelegate.swift; sourceTree = "<group>"; };
		95E94B1025596E35006ED5B2 /* SceneDelegate.swift */ = {isa = PBXFileReference; lastKnownFileType = sourcecode.swift; path = SceneDelegate.swift; sourceTree = "<group>"; };
		95E94B1225596E35006ED5B2 /* ViewController.swift */ = {isa = PBXFileReference; lastKnownFileType = sourcecode.swift; path = ViewController.swift; sourceTree = "<group>"; };
		95E94B1525596E35006ED5B2 /* Base */ = {isa = PBXFileReference; lastKnownFileType = file.storyboard; name = Base; path = Base.lproj/Main.storyboard; sourceTree = "<group>"; };
		95E94B1725596E36006ED5B2 /* Assets.xcassets */ = {isa = PBXFileReference; lastKnownFileType = folder.assetcatalog; path = Assets.xcassets; sourceTree = "<group>"; };
		95E94B1A25596E36006ED5B2 /* Base */ = {isa = PBXFileReference; lastKnownFileType = file.storyboard; name = Base; path = Base.lproj/LaunchScreen.storyboard; sourceTree = "<group>"; };
		95E94B1C25596E36006ED5B2 /* Info.plist */ = {isa = PBXFileReference; lastKnownFileType = text.plist.xml; path = Info.plist; sourceTree = "<group>"; };
		95E94B4525596EBA006ED5B2 /* StoreKit.framework */ = {isa = PBXFileReference; lastKnownFileType = wrapper.framework; name = StoreKit.framework; path = System/Library/Frameworks/StoreKit.framework; sourceTree = SDKROOT; };
		95E94B482559777A006ED5B2 /* IAPManager.swift */ = {isa = PBXFileReference; lastKnownFileType = sourcecode.swift; path = IAPManager.swift; sourceTree = "<group>"; };
/* End PBXFileReference section */

/* Begin PBXFrameworksBuildPhase section */
		95E94B0825596E34006ED5B2 /* Frameworks */ = {
			isa = PBXFrameworksBuildPhase;
			buildActionMask = 2147483647;
			files = (
				95E94B4625596EBA006ED5B2 /* StoreKit.framework in Frameworks */,
			);
			runOnlyForDeploymentPostprocessing = 0;
		};
/* End PBXFrameworksBuildPhase section */

/* Begin PBXGroup section */
		95E94B0225596E34006ED5B2 = {
			isa = PBXGroup;
			children = (
				95E94B0D25596E34006ED5B2 /* IAPSample */,
				95E94B0C25596E34006ED5B2 /* Products */,
				95E94B4425596EBA006ED5B2 /* Frameworks */,
			);
			sourceTree = "<group>";
		};
		95E94B0C25596E34006ED5B2 /* Products */ = {
			isa = PBXGroup;
			children = (
				95E94B0B25596E34006ED5B2 /* IAPSample.app */,
			);
			name = Products;
			sourceTree = "<group>";
		};
		95E94B0D25596E34006ED5B2 /* IAPSample */ = {
			isa = PBXGroup;
			children = (
				95E94B0E25596E35006ED5B2 /* AppDelegate.swift */,
				95E94B1025596E35006ED5B2 /* SceneDelegate.swift */,
				95E94B1225596E35006ED5B2 /* ViewController.swift */,
				95E94B1425596E35006ED5B2 /* Main.storyboard */,
				95E94B1725596E36006ED5B2 /* Assets.xcassets */,
				95E94B1925596E36006ED5B2 /* LaunchScreen.storyboard */,
				95E94B1C25596E36006ED5B2 /* Info.plist */,
				95E94B482559777A006ED5B2 /* IAPManager.swift */,
			);
			path = IAPSample;
			sourceTree = "<group>";
		};
		95E94B4425596EBA006ED5B2 /* Frameworks */ = {
			isa = PBXGroup;
			children = (
				95E94B4525596EBA006ED5B2 /* StoreKit.framework */,
			);
			name = Frameworks;
			sourceTree = "<group>";
		};
/* End PBXGroup section */

/* Begin PBXNativeTarget section */
		95E94B0A25596E34006ED5B2 /* IAPSample */ = {
			isa = PBXNativeTarget;
			buildConfigurationList = 95E94B3525596E36006ED5B2 /* Build configuration list for PBXNativeTarget "IAPSample" */;
			buildPhases = (
				95E94B0725596E34006ED5B2 /* Sources */,
				95E94B0825596E34006ED5B2 /* Frameworks */,
				95E94B0925596E34006ED5B2 /* Resources */,
			);
			buildRules = (
			);
			dependencies = (
			);
			name = IAPSample;
			productName = IAPSample;
			productReference = 95E94B0B25596E34006ED5B2 /* IAPSample.app */;
			productType = "com.apple.product-type.application";
		};
/* End PBXNativeTarget section */

/* Begin PBXProject section */
		95E94B0325596E34006ED5B2 /* Project object */ = {
			isa = PBXProject;
			attributes = {
				LastSwiftUpdateCheck = 1200;
				LastUpgradeCheck = 1200;
				TargetAttributes = {
					95E94B0A25596E34006ED5B2 = {
						CreatedOnToolsVersion = 12.0;
					};
				};
			};
			buildConfigurationList = 95E94B0625596E34006ED5B2 /* Build configuration list for PBXProject "IAPSample" */;
			compatibilityVersion = "Xcode 9.3";
			developmentRegion = en;
			hasScannedForEncodings = 0;
			knownRegions = (
				en,
				Base,
			);
			mainGroup = 95E94B0225596E34006ED5B2;
			productRefGroup = 95E94B0C25596E34006ED5B2 /* Products */;
			projectDirPath = "";
			projectRoot = "";
			targets = (
				95E94B0A25596E34006ED5B2 /* IAPSample */,
			);
		};
/* End PBXProject section */

/* Begin PBXResourcesBuildPhase section */
		95E94B0925596E34006ED5B2 /* Resources */ = {
			isa = PBXResourcesBuildPhase;
			buildActionMask = 2147483647;
			files = (
				95E94B1B25596E36006ED5B2 /* LaunchScreen.storyboard in Resources */,
				95E94B1825596E36006ED5B2 /* Assets.xcassets in Resources */,
				95E94B1625596E35006ED5B2 /* Main.storyboard in Resources */,
			);
			runOnlyForDeploymentPostprocessing = 0;
		};
/* End PBXResourcesBuildPhase section */

/* Begin PBXSourcesBuildPhase section */
		95E94B0725596E34006ED5B2 /* Sources */ = {
			isa = PBXSourcesBuildPhase;
			buildActionMask = 2147483647;
			files = (
				95E94B492559777A006ED5B2 /* IAPManager.swift in Sources */,
				95E94B1325596E35006ED5B2 /* ViewController.swift in Sources */,
				95E94B0F25596E35006ED5B2 /* AppDelegate.swift in Sources */,
				95E94B1125596E35006ED5B2 /* SceneDelegate.swift in Sources */,
			);
			runOnlyForDeploymentPostprocessing = 0;
		};
/* End PBXSourcesBuildPhase section */

/* Begin PBXVariantGroup section */
		95E94B1425596E35006ED5B2 /* Main.storyboard */ = {
			isa = PBXVariantGroup;
			children = (
				95E94B1525596E35006ED5B2 /* Base */,
			);
			name = Main.storyboard;
			sourceTree = "<group>";
		};
		95E94B1925596E36006ED5B2 /* LaunchScreen.storyboard */ = {
			isa = PBXVariantGroup;
			children = (
				95E94B1A25596E36006ED5B2 /* Base */,
			);
			name = LaunchScreen.storyboard;
			sourceTree = "<group>";
		};
/* End PBXVariantGroup section */

/* Begin XCBuildConfiguration section */
		95E94B3325596E36006ED5B2 /* Debug */ = {
			isa = XCBuildConfiguration;
			buildSettings = {
				ALWAYS_SEARCH_USER_PATHS = NO;
				CLANG_ANALYZER_NONNULL = YES;
				CLANG_ANALYZER_NUMBER_OBJECT_CONVERSION = YES_AGGRESSIVE;
				CLANG_CXX_LANGUAGE_STANDARD = "gnu++14";
				CLANG_CXX_LIBRARY = "libc++";
				CLANG_ENABLE_MODULES = YES;
				CLANG_ENABLE_OBJC_ARC = YES;
				CLANG_ENABLE_OBJC_WEAK = YES;
				CLANG_WARN_BLOCK_CAPTURE_AUTORELEASING = YES;
				CLANG_WARN_BOOL_CONVERSION = YES;
				CLANG_WARN_COMMA = YES;
				CLANG_WARN_CONSTANT_CONVERSION = YES;
				CLANG_WARN_DEPRECATED_OBJC_IMPLEMENTATIONS = YES;
				CLANG_WARN_DIRECT_OBJC_ISA_USAGE = YES_ERROR;
				CLANG_WARN_DOCUMENTATION_COMMENTS = YES;
				CLANG_WARN_EMPTY_BODY = YES;
				CLANG_WARN_ENUM_CONVERSION = YES;
				CLANG_WARN_INFINITE_RECURSION = YES;
				CLANG_WARN_INT_CONVERSION = YES;
				CLANG_WARN_NON_LITERAL_NULL_CONVERSION = YES;
				CLANG_WARN_OBJC_IMPLICIT_RETAIN_SELF = YES;
				CLANG_WARN_OBJC_LITERAL_CONVERSION = YES;
				CLANG_WARN_OBJC_ROOT_CLASS = YES_ERROR;
				CLANG_WARN_QUOTED_INCLUDE_IN_FRAMEWORK_HEADER = YES;
				CLANG_WARN_RANGE_LOOP_ANALYSIS = YES;
				CLANG_WARN_STRICT_PROTOTYPES = YES;
				CLANG_WARN_SUSPICIOUS_MOVE = YES;
				CLANG_WARN_UNGUARDED_AVAILABILITY = YES_AGGRESSIVE;
				CLANG_WARN_UNREACHABLE_CODE = YES;
				CLANG_WARN__DUPLICATE_METHOD_MATCH = YES;
				COPY_PHASE_STRIP = NO;
				DEBUG_INFORMATION_FORMAT = dwarf;
				ENABLE_STRICT_OBJC_MSGSEND = YES;
				ENABLE_TESTABILITY = YES;
				GCC_C_LANGUAGE_STANDARD = gnu11;
				GCC_DYNAMIC_NO_PIC = NO;
				GCC_NO_COMMON_BLOCKS = YES;
				GCC_OPTIMIZATION_LEVEL = 0;
				GCC_PREPROCESSOR_DEFINITIONS = (
					"DEBUG=1",
					"$(inherited)",
				);
				GCC_WARN_64_TO_32_BIT_CONVERSION = YES;
				GCC_WARN_ABOUT_RETURN_TYPE = YES_ERROR;
				GCC_WARN_UNDECLARED_SELECTOR = YES;
				GCC_WARN_UNINITIALIZED_AUTOS = YES_AGGRESSIVE;
				GCC_WARN_UNUSED_FUNCTION = YES;
				GCC_WARN_UNUSED_VARIABLE = YES;
				IPHONEOS_DEPLOYMENT_TARGET = 13.0;
				MTL_ENABLE_DEBUG_INFO = INCLUDE_SOURCE;
				MTL_FAST_MATH = YES;
				ONLY_ACTIVE_ARCH = YES;
				SDKROOT = iphoneos;
				SWIFT_ACTIVE_COMPILATION_CONDITIONS = DEBUG;
				SWIFT_OPTIMIZATION_LEVEL = "-Onone";
			};
			name = Debug;
		};
		95E94B3425596E36006ED5B2 /* Release */ = {
			isa = XCBuildConfiguration;
			buildSettings = {
				ALWAYS_SEARCH_USER_PATHS = NO;
				CLANG_ANALYZER_NONNULL = YES;
				CLANG_ANALYZER_NUMBER_OBJECT_CONVERSION = YES_AGGRESSIVE;
				CLANG_CXX_LANGUAGE_STANDARD = "gnu++14";
				CLANG_CXX_LIBRARY = "libc++";
				CLANG_ENABLE_MODULES = YES;
				CLANG_ENABLE_OBJC_ARC = YES;
				CLANG_ENABLE_OBJC_WEAK = YES;
				CLANG_WARN_BLOCK_CAPTURE_AUTORELEASING = YES;
				CLANG_WARN_BOOL_CONVERSION = YES;
				CLANG_WARN_COMMA = YES;
				CLANG_WARN_CONSTANT_CONVERSION = YES;
				CLANG_WARN_DEPRECATED_OBJC_IMPLEMENTATIONS = YES;
				CLANG_WARN_DIRECT_OBJC_ISA_USAGE = YES_ERROR;
				CLANG_WARN_DOCUMENTATION_COMMENTS = YES;
				CLANG_WARN_EMPTY_BODY = YES;
				CLANG_WARN_ENUM_CONVERSION = YES;
				CLANG_WARN_INFINITE_RECURSION = YES;
				CLANG_WARN_INT_CONVERSION = YES;
				CLANG_WARN_NON_LITERAL_NULL_CONVERSION = YES;
				CLANG_WARN_OBJC_IMPLICIT_RETAIN_SELF = YES;
				CLANG_WARN_OBJC_LITERAL_CONVERSION = YES;
				CLANG_WARN_OBJC_ROOT_CLASS = YES_ERROR;
				CLANG_WARN_QUOTED_INCLUDE_IN_FRAMEWORK_HEADER = YES;
				CLANG_WARN_RANGE_LOOP_ANALYSIS = YES;
				CLANG_WARN_STRICT_PROTOTYPES = YES;
				CLANG_WARN_SUSPICIOUS_MOVE = YES;
				CLANG_WARN_UNGUARDED_AVAILABILITY = YES_AGGRESSIVE;
				CLANG_WARN_UNREACHABLE_CODE = YES;
				CLANG_WARN__DUPLICATE_METHOD_MATCH = YES;
				COPY_PHASE_STRIP = NO;
				DEBUG_INFORMATION_FORMAT = "dwarf-with-dsym";
				ENABLE_NS_ASSERTIONS = NO;
				ENABLE_STRICT_OBJC_MSGSEND = YES;
				GCC_C_LANGUAGE_STANDARD = gnu11;
				GCC_NO_COMMON_BLOCKS = YES;
				GCC_WARN_64_TO_32_BIT_CONVERSION = YES;
				GCC_WARN_ABOUT_RETURN_TYPE = YES_ERROR;
				GCC_WARN_UNDECLARED_SELECTOR = YES;
				GCC_WARN_UNINITIALIZED_AUTOS = YES_AGGRESSIVE;
				GCC_WARN_UNUSED_FUNCTION = YES;
				GCC_WARN_UNUSED_VARIABLE = YES;
				IPHONEOS_DEPLOYMENT_TARGET = 13.0;
				MTL_ENABLE_DEBUG_INFO = NO;
				MTL_FAST_MATH = YES;
				SDKROOT = iphoneos;
				SWIFT_COMPILATION_MODE = wholemodule;
				SWIFT_OPTIMIZATION_LEVEL = "-O";
				VALIDATE_PRODUCT = YES;
			};
			name = Release;
		};
		95E94B3625596E36006ED5B2 /* Debug */ = {
			isa = XCBuildConfiguration;
			buildSettings = {
				ASSETCATALOG_COMPILER_APPICON_NAME = AppIcon;
				ASSETCATALOG_COMPILER_GLOBAL_ACCENT_COLOR_NAME = AccentColor;
				CODE_SIGN_STYLE = Automatic;
				DEVELOPMENT_TEAM = 52W935AVL3;
				INFOPLIST_FILE = IAPSample/Info.plist;
				LD_RUNPATH_SEARCH_PATHS = (
					"$(inherited)",
					"@executable_path/Frameworks",
				);
				PRODUCT_BUNDLE_IDENTIFIER = CMoney.Sample.IAPSample;
				PRODUCT_NAME = "$(TARGET_NAME)";
				SWIFT_VERSION = 5.0;
				TARGETED_DEVICE_FAMILY = "1,2";
			};
			name = Debug;
		};
		95E94B3725596E36006ED5B2 /* Release */ = {
			isa = XCBuildConfiguration;
			buildSettings = {
				ASSETCATALOG_COMPILER_APPICON_NAME = AppIcon;
				ASSETCATALOG_COMPILER_GLOBAL_ACCENT_COLOR_NAME = AccentColor;
				CODE_SIGN_STYLE = Automatic;
				DEVELOPMENT_TEAM = 52W935AVL3;
				INFOPLIST_FILE = IAPSample/Info.plist;
				LD_RUNPATH_SEARCH_PATHS = (
					"$(inherited)",
					"@executable_path/Frameworks",
				);
				PRODUCT_BUNDLE_IDENTIFIER = CMoney.Sample.IAPSample;
				PRODUCT_NAME = "$(TARGET_NAME)";
				SWIFT_VERSION = 5.0;
				TARGETED_DEVICE_FAMILY = "1,2";
			};
			name = Release;
		};
/* End XCBuildConfiguration section */

/* Begin XCConfigurationList section */
		95E94B0625596E34006ED5B2 /* Build configuration list for PBXProject "IAPSample" */ = {
			isa = XCConfigurationList;
			buildConfigurations = (
				95E94B3325596E36006ED5B2 /* Debug */,
				95E94B3425596E36006ED5B2 /* Release */,
			);
			defaultConfigurationIsVisible = 0;
			defaultConfigurationName = Release;
		};
		95E94B3525596E36006ED5B2 /* Build configuration list for PBXNativeTarget "IAPSample" */ = {
			isa = XCConfigurationList;
			buildConfigurations = (
				95E94B3625596E36006ED5B2 /* Debug */,
				95E94B3725596E36006ED5B2 /* Release */,
			);
			defaultConfigurationIsVisible = 0;
			defaultConfigurationName = Release;
		};
/* End XCConfigurationList section */
	};
	rootObject = 95E94B0325596E34006ED5B2 /* Project object */;
}
